
Microsoft Visual Studio Solution File, Format Version 12.00
# Visual Studio 15
VisualStudioVersion = 15.0.28010.2016
MinimumVisualStudioVersion = 10.0.40219.1
Project("{8BC9CEB8-8B4A-11D0-8D11-00A0C91BC942}") = "Week8", "Week8\Week8.vcxproj", "{E8716E31-B031-42B7-8364-6635A629B622}"
EndProject
Global
	GlobalSection(SolutionConfigurationPlatforms) = preSolution
		Debug|x64 = Debug|x64
		Debug|x86 = Debug|x86
		Release|x64 = Release|x64
		Release|x86 = Release|x86
	EndGlobalSection
	GlobalSection(ProjectConfigurationPlatforms) = postSolution
		{E8716E31-B031-42B7-8364-6635A629B622}.Debug|x64.ActiveCfg = Debug|x64
		{E8716E31-B031-42B7-8364-6635A629B622}.Debug|x64.Build.0 = Debug|x64
		{E8716E31-B031-42B7-8364-6635A629B622}.Debug|x86.ActiveCfg = Debug|Win32
		{E8716E31-B031-42B7-8364-6635A629B622}.Debug|x86.Build.0 = Debug|Win32
		{E8716E31-B031-42B7-8364-6635A629B622}.Release|x64.ActiveCfg = Release|x64
		{E8716E31-B031-42B7-8364-6635A629B622}.Release|x64.Build.0 = Release|x64
		{E8716E31-B031-42B7-8364-6635A629B622}.Release|x86.ActiveCfg = Release|Win32
		{E8716E31-B031-42B7-8364-6635A629B622}.Release|x86.Build.0 = Release|Win32
	EndGlobalSection
	GlobalSection(SolutionProperties) = preSolution
		HideSolutionNode = FALSE
	EndGlobalSection
	GlobalSection(ExtensibilityGlobals) = postSolution
		SolutionGuid = {5CE554CE-0A74-4116-B2A0-2BAD1B8BA72A}
	EndGlobalSection
EndGlobal
